
Microsoft Visual Studio Solution File, Format Version 12.00
# Visual Studio Version 16
VisualStudioVersion = 16.0.30907.101
MinimumVisualStudioVersion = 10.0.40219.1
Project("{FAE04EC0-301F-11D3-BF4B-00C04F79EFBC}") = "Appointment_system_API", "Appointment_system_API.csproj", "{B7FC89B9-95FA-4B59-958F-6C624E0483FC}"
EndProject
Global
	GlobalSection(SolutionConfigurationPlatforms) = preSolution
		Debug|Any CPU = Debug|Any CPU
		Release|Any CPU = Release|Any CPU
	EndGlobalSection
	GlobalSection(ProjectConfigurationPlatforms) = postSolution
		{B7FC89B9-95FA-4B59-958F-6C624E0483FC}.Debug|Any CPU.ActiveCfg = Debug|Any CPU
		{B7FC89B9-95FA-4B59-958F-6C624E0483FC}.Debug|Any CPU.Build.0 = Debug|Any CPU
		{B7FC89B9-95FA-4B59-958F-6C624E0483FC}.Release|Any CPU.ActiveCfg = Release|Any CPU
		{B7FC89B9-95FA-4B59-958F-6C624E0483FC}.Release|Any CPU.Build.0 = Release|Any CPU
	EndGlobalSection
	GlobalSection(SolutionProperties) = preSolution
		HideSolutionNode = FALSE
	EndGlobalSection
	GlobalSection(ExtensibilityGlobals) = postSolution
		SolutionGuid = {54F6C185-AAEC-4501-8A2C-AD019B2D9DBA}
	EndGlobalSection
EndGlobal
